{
  "nodes": {
    "appendful": {
      "flake": false,
      "locked": {
        "lastModified": 1748241025,
        "narHash": "sha256-JFzzkSDd41D726bqYGKPfzq8nuhpsKlTDb1o7GwMAQQ=",
        "owner": "NorfairKing",
        "repo": "appendful",
        "rev": "7dbdbe46e3c6eb6f9973fedd68376a5eae1c4ccd",
        "type": "github"
      },
      "original": {
        "owner": "NorfairKing",
        "repo": "appendful",
        "type": "github"
      }
    },
    "dekking": {
      "flake": false,
      "locked": {
        "lastModified": 1748244419,
        "narHash": "sha256-t2vGMttCqnnUWIvqQJYRVgSYa4c3ziQBtWTnyJD49kw=",
        "owner": "NorfairKing",
        "repo": "dekking",
        "rev": "3a4ce90a3966e61906470ccf5d1035e5dc12a1ef",
        "type": "github"
      },
      "original": {
        "owner": "NorfairKing",
        "repo": "dekking",
        "type": "github"
      }
    },
    "flake-compat": {
      "flake": false,
      "locked": {
        "lastModified": 1696426674,
        "narHash": "sha256-kvjfFW7WAETZlt09AgDn1MrtKzP7t90Vf7vypd3OL1U=",
        "owner": "edolstra",
        "repo": "flake-compat",
        "rev": "0f9255e01c2351cc7d116c072cb317785dd33b33",
        "type": "github"
      },
      "original": {
        "owner": "edolstra",
        "repo": "flake-compat",
        "type": "github"
      }
    },
    "gitignore": {
      "inputs": {
        "nixpkgs": [
          "pre-commit-hooks",
          "nixpkgs"
        ]
      },
      "locked": {
        "lastModified": 1709087332,
        "narHash": "sha256-HG2cCnktfHsKV0s4XW83gU3F57gaTljL9KNSuG6bnQs=",
        "owner": "hercules-ci",
        "repo": "gitignore.nix",
        "rev": "637db329424fd7e46cf4185293b9cc8c88c95394",
        "type": "github"
      },
      "original": {
        "owner": "hercules-ci",
        "repo": "gitignore.nix",
        "type": "github"
      }
    },
    "home-manager": {
      "inputs": {
        "nixpkgs": "nixpkgs"
      },
      "locked": {
        "lastModified": 1748226808,
        "narHash": "sha256-GaBRgxjWO1bAQa8P2+FDxG4ANBVhjnSjBms096qQdxo=",
        "owner": "nix-community",
        "repo": "home-manager",
        "rev": "83665c39fa688bd6a1f7c43cf7997a70f6a109f9",
        "type": "github"
      },
      "original": {
        "owner": "nix-community",
        "ref": "release-25.05",
        "repo": "home-manager",
        "type": "github"
      }
    },
    "looper": {
      "flake": false,
      "locked": {
        "lastModified": 1748255668,
        "narHash": "sha256-hgOiMrnHxmRjoCibdn57xyv/JQMXuAYn1LZ70Xz5iA0=",
        "owner": "NorfairKing",
        "repo": "looper",
        "rev": "2098cd158ab3e00f7ca74f00cfe0f4728c05f955",
        "type": "github"
      },
      "original": {
        "owner": "NorfairKing",
        "repo": "looper",
        "type": "github"
      }
    },
    "necrork": {
      "flake": false,
      "locked": {
        "lastModified": 1748257106,
        "narHash": "sha256-XvH9tHSy4mkiH0BFbHdHsz2WMwM8DKXrY9EeaVcqvwo=",
        "owner": "NorfairKing",
        "repo": "necrork",
        "rev": "87cd9f2a4ebfffdcf393f87de6851f7b124184c5",
        "type": "github"
      },
      "original": {
        "owner": "NorfairKing",
        "repo": "necrork",
        "type": "github"
      }
    },
    "nixpkgs": {
      "locked": {
        "lastModified": 1748162331,
        "narHash": "sha256-rqc2RKYTxP3tbjA+PB3VMRQNnjesrT0pEofXQTrMsS8=",
        "owner": "NixOS",
        "repo": "nixpkgs",
        "rev": "7c43f080a7f28b2774f3b3f43234ca11661bf334",
        "type": "github"
      },
      "original": {
        "owner": "NixOS",
        "ref": "nixos-25.05",
        "repo": "nixpkgs",
        "type": "github"
      }
    },
    "nixpkgs_2": {
      "locked": {
        "lastModified": 1748162331,
        "narHash": "sha256-rqc2RKYTxP3tbjA+PB3VMRQNnjesrT0pEofXQTrMsS8=",
        "owner": "NixOS",
        "repo": "nixpkgs",
        "rev": "7c43f080a7f28b2774f3b3f43234ca11661bf334",
        "type": "github"
      },
      "original": {
        "owner": "NixOS",
        "ref": "nixos-25.05",
        "repo": "nixpkgs",
        "type": "github"
      }
    },
    "nixpkgs_3": {
      "locked": {
        "lastModified": 1730768919,
        "narHash": "sha256-8AKquNnnSaJRXZxc5YmF/WfmxiHX6MMZZasRP6RRQkE=",
        "owner": "NixOS",
        "repo": "nixpkgs",
        "rev": "a04d33c0c3f1a59a2c1cb0c6e34cd24500e5a1dc",
        "type": "github"
      },
      "original": {
        "owner": "NixOS",
        "ref": "nixpkgs-unstable",
        "repo": "nixpkgs",
        "type": "github"
      }
    },
    "opt-env-conf": {
      "flake": false,
      "locked": {
        "lastModified": 1748239406,
        "narHash": "sha256-jVZ5vPyazvv6ILvlcMqB+oQIWIPoIVA4HIZXZLvyA1A=",
        "owner": "NorfairKing",
        "repo": "opt-env-conf",
        "rev": "765d221a8cce565bf35e6b6707d371f1e53347b2",
        "type": "github"
      },
      "original": {
        "owner": "NorfairKing",
        "repo": "opt-env-conf",
        "type": "github"
      }
    },
    "pre-commit-hooks": {
      "inputs": {
        "flake-compat": "flake-compat",
        "gitignore": "gitignore",
        "nixpkgs": "nixpkgs_3"
      },
      "locked": {
        "lastModified": 1747372754,
        "narHash": "sha256-2Y53NGIX2vxfie1rOW0Qb86vjRZ7ngizoo+bnXU9D9k=",
        "owner": "cachix",
        "repo": "pre-commit-hooks.nix",
        "rev": "80479b6ec16fefd9c1db3ea13aeb038c60530f46",
        "type": "github"
      },
      "original": {
        "owner": "cachix",
        "repo": "pre-commit-hooks.nix",
        "type": "github"
      }
    },
    "root": {
      "inputs": {
        "appendful": "appendful",
        "dekking": "dekking",
        "home-manager": "home-manager",
        "looper": "looper",
        "necrork": "necrork",
        "nixpkgs": "nixpkgs_2",
        "opt-env-conf": "opt-env-conf",
        "pre-commit-hooks": "pre-commit-hooks",
        "weeder-nix": "weeder-nix"
      }
    },
    "weeder-nix": {
      "flake": false,
      "locked": {
        "lastModified": 1748252779,
        "narHash": "sha256-kSyD/VDUX2m9c2vcuLBT2wnpYiVSHHlP9vuDTtsAtD8=",
        "owner": "NorfairKing",
        "repo": "weeder-nix",
        "rev": "388df7a6f00220d1960118e1ad37cd86150d2c5a",
        "type": "github"
      },
      "original": {
        "owner": "NorfairKing",
        "repo": "weeder-nix",
        "type": "github"
      }
    }
  },
  "root": "root",
  "version": 7
}
