{
  "nodes": {
    "appendful": {
      "flake": false,
      "locked": {
        "lastModified": 1667778561,
        "narHash": "sha256-e89cYNn4kIJ3VSVW1iy4d3VQm2jaUY1QeeV7IyYc9z4=",
        "owner": "NorfairKing",
        "repo": "appendful",
        "rev": "c3f3a6eafd3c828ad63cd32b63784690941af2a0",
        "type": "github"
      },
      "original": {
        "owner": "NorfairKing",
        "ref": "flake",
        "repo": "appendful",
        "type": "github"
      }
    },
    "autodocodec": {
      "flake": false,
      "locked": {
        "lastModified": 1669815191,
        "narHash": "sha256-WUZde/rfPR9L710NCLlEz+tkOc/h/Vn90WtkhfBS3nI=",
        "owner": "NorfairKing",
        "repo": "autodocodec",
        "rev": "b49e3f42012168006955e5e4c6a5dcf8e6f94ba6",
        "type": "github"
      },
      "original": {
        "owner": "NorfairKing",
        "ref": "flake",
        "repo": "autodocodec",
        "type": "github"
      }
    },
    "dekking": {
      "flake": false,
      "locked": {
        "lastModified": 1670654358,
        "narHash": "sha256-tB6UJqcf+N4HIKBs75Ndq9E3YtUHghvPjHDY4vsgdpc=",
        "owner": "NorfairKing",
        "repo": "dekking",
        "rev": "e03a8680c137ac2916e29908c81ef2a37314bbce",
        "type": "github"
      },
      "original": {
        "owner": "NorfairKing",
        "repo": "dekking",
        "type": "github"
      }
    },
    "flake-compat": {
      "flake": false,
      "locked": {
        "lastModified": 1668681692,
        "narHash": "sha256-Ht91NGdewz8IQLtWZ9LCeNXMSXHUss+9COoqu6JLmXU=",
        "owner": "edolstra",
        "repo": "flake-compat",
        "rev": "009399224d5e398d03b22badca40a37ac85412a1",
        "type": "github"
      },
      "original": {
        "owner": "edolstra",
        "repo": "flake-compat",
        "type": "github"
      }
    },
    "flake-utils": {
      "locked": {
        "lastModified": 1667395993,
        "narHash": "sha256-nuEHfE/LcWyuSWnS8t12N1wc105Qtau+/OdUAjtQ0rA=",
        "owner": "numtide",
        "repo": "flake-utils",
        "rev": "5aed5285a952e0b949eb3ba02c12fa4fcfef535f",
        "type": "github"
      },
      "original": {
        "owner": "numtide",
        "repo": "flake-utils",
        "type": "github"
      }
    },
    "gitignore": {
      "inputs": {
        "nixpkgs": [
          "pre-commit-hooks",
          "nixpkgs"
        ]
      },
      "locked": {
        "lastModified": 1660459072,
        "narHash": "sha256-8DFJjXG8zqoONA1vXtgeKXy68KdJL5UaXR8NtVMUbx8=",
        "owner": "hercules-ci",
        "repo": "gitignore.nix",
        "rev": "a20de23b925fd8264fd7fad6454652e142fd7f73",
        "type": "github"
      },
      "original": {
        "owner": "hercules-ci",
        "repo": "gitignore.nix",
        "type": "github"
      }
    },
    "home-manager": {
      "inputs": {
        "nixpkgs": "nixpkgs",
        "utils": "utils"
      },
      "locked": {
        "lastModified": 1670253003,
        "narHash": "sha256-/tJIy4+FbsQyslq1ipyicZ2psOEd8dvl4OJ9lfisjd0=",
        "owner": "nix-community",
        "repo": "home-manager",
        "rev": "0e8125916b420e41bf0d23a0aa33fadd0328beb3",
        "type": "github"
      },
      "original": {
        "owner": "nix-community",
        "ref": "release-22.11",
        "repo": "home-manager",
        "type": "github"
      }
    },
    "nixpkgs": {
      "locked": {
        "lastModified": 1667629849,
        "narHash": "sha256-P+v+nDOFWicM4wziFK9S/ajF2lc0N2Rg9p6Y35uMoZI=",
        "owner": "nixos",
        "repo": "nixpkgs",
        "rev": "3bacde6273b09a21a8ccfba15586fb165078fb62",
        "type": "github"
      },
      "original": {
        "owner": "nixos",
        "ref": "nixos-unstable",
        "repo": "nixpkgs",
        "type": "github"
      }
    },
    "nixpkgs-stable": {
      "locked": {
        "lastModified": 1668984258,
        "narHash": "sha256-0gDMJ2T3qf58xgcSbYoXiRGUkPWmKyr5C3vcathWhKs=",
        "owner": "NixOS",
        "repo": "nixpkgs",
        "rev": "cf63ade6f74bbc9d2a017290f1b2e33e8fbfa70a",
        "type": "github"
      },
      "original": {
        "owner": "NixOS",
        "ref": "nixos-22.05",
        "repo": "nixpkgs",
        "type": "github"
      }
    },
    "nixpkgs_2": {
      "locked": {
        "lastModified": 1670625113,
        "narHash": "sha256-3XuCP1b8U0/rzvQciowoM6sZjtq7nYzHOFUcNRa0WhY=",
        "owner": "NixOS",
        "repo": "nixpkgs",
        "rev": "e8ec26f41fd94805d8fbf2552d8e7a449612c08e",
        "type": "github"
      },
      "original": {
        "owner": "NixOS",
        "ref": "nixos-22.11",
        "repo": "nixpkgs",
        "type": "github"
      }
    },
    "nixpkgs_3": {
      "locked": {
        "lastModified": 1668994630,
        "narHash": "sha256-1lqx6HLyw6fMNX/hXrrETG1vMvZRGm2XVC9O/Jt0T6c=",
        "owner": "NixOS",
        "repo": "nixpkgs",
        "rev": "af50806f7c6ab40df3e6b239099e8f8385f6c78b",
        "type": "github"
      },
      "original": {
        "owner": "NixOS",
        "ref": "nixos-unstable",
        "repo": "nixpkgs",
        "type": "github"
      }
    },
    "pre-commit-hooks": {
      "inputs": {
        "flake-compat": "flake-compat",
        "flake-utils": "flake-utils",
        "gitignore": "gitignore",
        "nixpkgs": "nixpkgs_3",
        "nixpkgs-stable": "nixpkgs-stable"
      },
      "locked": {
        "lastModified": 1670413394,
        "narHash": "sha256-M7sWqrKtOqUv9euX1t3HCxis8cPy9MNiZxQmUf0KF1o=",
        "owner": "cachix",
        "repo": "pre-commit-hooks.nix",
        "rev": "1303a1a76e9eb074075bfe566518c413f6fc104e",
        "type": "github"
      },
      "original": {
        "owner": "cachix",
        "repo": "pre-commit-hooks.nix",
        "type": "github"
      }
    },
    "root": {
      "inputs": {
        "appendful": "appendful",
        "autodocodec": "autodocodec",
        "dekking": "dekking",
        "home-manager": "home-manager",
        "nixpkgs": "nixpkgs_2",
        "pre-commit-hooks": "pre-commit-hooks",
        "safe-coloured-text": "safe-coloured-text",
        "sydtest": "sydtest",
        "validity": "validity"
      }
    },
    "safe-coloured-text": {
      "flake": false,
      "locked": {
        "lastModified": 1669815139,
        "narHash": "sha256-4XgAS5gJhv4XyuKUQs/qzyC6gxxhWSuvvrgMHOWRTQ4=",
        "owner": "NorfairKing",
        "repo": "safe-coloured-text",
        "rev": "f173907488eb51407a59c22cf36f422d872378e5",
        "type": "github"
      },
      "original": {
        "owner": "NorfairKing",
        "ref": "flake",
        "repo": "safe-coloured-text",
        "type": "github"
      }
    },
    "sydtest": {
      "flake": false,
      "locked": {
        "lastModified": 1669815242,
        "narHash": "sha256-VAX91l9rJdzB2uqfvbdysdBUE7rsyFTE8Nd5z7L3608=",
        "owner": "NorfairKing",
        "repo": "sydtest",
        "rev": "65dbb63fa32110d8e11fd9ae5a5b62449e9f53d9",
        "type": "github"
      },
      "original": {
        "owner": "NorfairKing",
        "ref": "flake",
        "repo": "sydtest",
        "type": "github"
      }
    },
    "utils": {
      "locked": {
        "lastModified": 1667395993,
        "narHash": "sha256-nuEHfE/LcWyuSWnS8t12N1wc105Qtau+/OdUAjtQ0rA=",
        "owner": "numtide",
        "repo": "flake-utils",
        "rev": "5aed5285a952e0b949eb3ba02c12fa4fcfef535f",
        "type": "github"
      },
      "original": {
        "owner": "numtide",
        "repo": "flake-utils",
        "type": "github"
      }
    },
    "validity": {
      "flake": false,
      "locked": {
        "lastModified": 1669815210,
        "narHash": "sha256-GRD5Klk38Drxotc3VnuUQbrG/i9kKe8BC+4+kGcNXTY=",
        "owner": "NorfairKing",
        "repo": "validity",
        "rev": "68c0e18aa350b1382e01e0d98c986b314b0340ce",
        "type": "github"
      },
      "original": {
        "owner": "NorfairKing",
        "ref": "flake",
        "repo": "validity",
        "type": "github"
      }
    }
  },
  "root": "root",
  "version": 7
}
